
Microsoft Visual Studio Solution File, Format Version 12.00
# Visual Studio Version 16
VisualStudioVersion = 16.0.30002.166
MinimumVisualStudioVersion = 10.0.40219.1
Project("{2150E333-8FDC-42A3-9474-1A3956D46DE8}") = "ProMvc5", "ProMvc5", "{DDA39431-E081-482B-A7F5-769F382881FA}"
EndProject
Project("{FAE04EC0-301F-11D3-BF4B-00C04F79EFBC}") = "ProAspNetMvc5_Filter", "ProAspNetMvc5_Filter\ProAspNetMvc5_Filter.csproj", "{1D5A4838-E351-4FDE-B98F-BBACAC96D785}"
EndProject
Project("{FAE04EC0-301F-11D3-BF4B-00C04F79EFBC}") = "ProAspNetMvc5_ControllerAndAction.Tests", "ProAspNetMvc5_ControllerAndAction.Tests\ProAspNetMvc5_ControllerAndAction.Tests.csproj", "{63270E10-A324-4C90-AEE2-3EA28C643D9D}"
EndProject
Project("{FAE04EC0-301F-11D3-BF4B-00C04F79EFBC}") = "ProAspNetMvc5_Models", "ProAspNetMvc5_Models\ProAspNetMvc5_Models.csproj", "{2B816197-8F99-4265-9D89-841DAB1DFD6A}"
EndProject
Project("{FAE04EC0-301F-11D3-BF4B-00C04F79EFBC}") = "ProAspNetMvc5_RouteSystem", "ProAspNetMvc5_RouteSystem\ProAspNetMvc5_RouteSystem.csproj", "{3AFC09B6-8AB8-40D9-8972-1CDD87E32818}"
EndProject
Project("{FAE04EC0-301F-11D3-BF4B-00C04F79EFBC}") = "ProAspNetMvc5_RouteSystem.Tests", "ProAspNetMvc5_RouteSystem.Tests\ProAspNetMvc5_RouteSystem.Tests.csproj", "{53848302-A9C7-4F50-8A63-55748B8F8E3A}"
EndProject
Project("{FAE04EC0-301F-11D3-BF4B-00C04F79EFBC}") = "ProAspNetMvc5_ControllerAndAction", "ProAspNetMvc5_ControllerAndAction\ProAspNetMvc5_ControllerAndAction.csproj", "{87477A6F-4317-4D7C-A094-91ADED331558}"
EndProject
Project("{2150E333-8FDC-42A3-9474-1A3956D46DE8}") = "SOA", "SOA", "{4573CE2F-2D66-4D14-A003-9E3706DC9D24}"
EndProject
Project("{FAE04EC0-301F-11D3-BF4B-00C04F79EFBC}") = "SOA.WCF.Web", "SOA.WCF.Web\SOA.WCF.Web.csproj", "{BD5157A5-858E-426A-AADB-0041B9FD6A9D}"
EndProject
Project("{FAE04EC0-301F-11D3-BF4B-00C04F79EFBC}") = "SOA.WCF.Web.UnitTestProject", "SOA.WCF.Web.UnitTestProject\SOA.WCF.Web.UnitTestProject.csproj", "{8806E28E-49E7-419F-B081-6FF9BA18EA36}"
	ProjectSection(ProjectDependencies) = postProject
		{BD5157A5-858E-426A-AADB-0041B9FD6A9D} = {BD5157A5-858E-426A-AADB-0041B9FD6A9D}
	EndProjectSection
EndProject
Project("{FAE04EC0-301F-11D3-BF4B-00C04F79EFBC}") = "SOA.WCF.Project", "SOA.WCF.Project\SOA.WCF.Project.csproj", "{75B370D7-A7FE-4E74-861D-8054D98890E0}"
EndProject
Project("{FAE04EC0-301F-11D3-BF4B-00C04F79EFBC}") = "SOA.WCF.Service", "SOA.WCF.Service\SOA.WCF.Service.csproj", "{82B17476-6FC9-491F-81E3-E212A63370A5}"
EndProject
Global
	GlobalSection(SolutionConfigurationPlatforms) = preSolution
		Debug|Any CPU = Debug|Any CPU
		Release|Any CPU = Release|Any CPU
	EndGlobalSection
	GlobalSection(ProjectConfigurationPlatforms) = postSolution
		{1D5A4838-E351-4FDE-B98F-BBACAC96D785}.Debug|Any CPU.ActiveCfg = Debug|Any CPU
		{1D5A4838-E351-4FDE-B98F-BBACAC96D785}.Debug|Any CPU.Build.0 = Debug|Any CPU
		{1D5A4838-E351-4FDE-B98F-BBACAC96D785}.Release|Any CPU.ActiveCfg = Release|Any CPU
		{1D5A4838-E351-4FDE-B98F-BBACAC96D785}.Release|Any CPU.Build.0 = Release|Any CPU
		{63270E10-A324-4C90-AEE2-3EA28C643D9D}.Debug|Any CPU.ActiveCfg = Debug|Any CPU
		{63270E10-A324-4C90-AEE2-3EA28C643D9D}.Debug|Any CPU.Build.0 = Debug|Any CPU
		{63270E10-A324-4C90-AEE2-3EA28C643D9D}.Release|Any CPU.ActiveCfg = Release|Any CPU
		{63270E10-A324-4C90-AEE2-3EA28C643D9D}.Release|Any CPU.Build.0 = Release|Any CPU
		{2B816197-8F99-4265-9D89-841DAB1DFD6A}.Debug|Any CPU.ActiveCfg = Debug|Any CPU
		{2B816197-8F99-4265-9D89-841DAB1DFD6A}.Debug|Any CPU.Build.0 = Debug|Any CPU
		{2B816197-8F99-4265-9D89-841DAB1DFD6A}.Release|Any CPU.ActiveCfg = Release|Any CPU
		{2B816197-8F99-4265-9D89-841DAB1DFD6A}.Release|Any CPU.Build.0 = Release|Any CPU
		{3AFC09B6-8AB8-40D9-8972-1CDD87E32818}.Debug|Any CPU.ActiveCfg = Debug|Any CPU
		{3AFC09B6-8AB8-40D9-8972-1CDD87E32818}.Debug|Any CPU.Build.0 = Debug|Any CPU
		{3AFC09B6-8AB8-40D9-8972-1CDD87E32818}.Release|Any CPU.ActiveCfg = Release|Any CPU
		{3AFC09B6-8AB8-40D9-8972-1CDD87E32818}.Release|Any CPU.Build.0 = Release|Any CPU
		{53848302-A9C7-4F50-8A63-55748B8F8E3A}.Debug|Any CPU.ActiveCfg = Debug|Any CPU
		{53848302-A9C7-4F50-8A63-55748B8F8E3A}.Debug|Any CPU.Build.0 = Debug|Any CPU
		{53848302-A9C7-4F50-8A63-55748B8F8E3A}.Release|Any CPU.ActiveCfg = Release|Any CPU
		{53848302-A9C7-4F50-8A63-55748B8F8E3A}.Release|Any CPU.Build.0 = Release|Any CPU
		{87477A6F-4317-4D7C-A094-91ADED331558}.Debug|Any CPU.ActiveCfg = Debug|Any CPU
		{87477A6F-4317-4D7C-A094-91ADED331558}.Debug|Any CPU.Build.0 = Debug|Any CPU
		{87477A6F-4317-4D7C-A094-91ADED331558}.Release|Any CPU.ActiveCfg = Release|Any CPU
		{87477A6F-4317-4D7C-A094-91ADED331558}.Release|Any CPU.Build.0 = Release|Any CPU
		{BD5157A5-858E-426A-AADB-0041B9FD6A9D}.Debug|Any CPU.ActiveCfg = Debug|Any CPU
		{BD5157A5-858E-426A-AADB-0041B9FD6A9D}.Debug|Any CPU.Build.0 = Debug|Any CPU
		{BD5157A5-858E-426A-AADB-0041B9FD6A9D}.Release|Any CPU.ActiveCfg = Release|Any CPU
		{BD5157A5-858E-426A-AADB-0041B9FD6A9D}.Release|Any CPU.Build.0 = Release|Any CPU
		{8806E28E-49E7-419F-B081-6FF9BA18EA36}.Debug|Any CPU.ActiveCfg = Debug|Any CPU
		{8806E28E-49E7-419F-B081-6FF9BA18EA36}.Debug|Any CPU.Build.0 = Debug|Any CPU
		{8806E28E-49E7-419F-B081-6FF9BA18EA36}.Release|Any CPU.ActiveCfg = Release|Any CPU
		{8806E28E-49E7-419F-B081-6FF9BA18EA36}.Release|Any CPU.Build.0 = Release|Any CPU
		{75B370D7-A7FE-4E74-861D-8054D98890E0}.Debug|Any CPU.ActiveCfg = Debug|Any CPU
		{75B370D7-A7FE-4E74-861D-8054D98890E0}.Debug|Any CPU.Build.0 = Debug|Any CPU
		{75B370D7-A7FE-4E74-861D-8054D98890E0}.Release|Any CPU.ActiveCfg = Release|Any CPU
		{75B370D7-A7FE-4E74-861D-8054D98890E0}.Release|Any CPU.Build.0 = Release|Any CPU
		{82B17476-6FC9-491F-81E3-E212A63370A5}.Debug|Any CPU.ActiveCfg = Debug|Any CPU
		{82B17476-6FC9-491F-81E3-E212A63370A5}.Debug|Any CPU.Build.0 = Debug|Any CPU
		{82B17476-6FC9-491F-81E3-E212A63370A5}.Release|Any CPU.ActiveCfg = Release|Any CPU
		{82B17476-6FC9-491F-81E3-E212A63370A5}.Release|Any CPU.Build.0 = Release|Any CPU
	EndGlobalSection
	GlobalSection(SolutionProperties) = preSolution
		HideSolutionNode = FALSE
	EndGlobalSection
	GlobalSection(NestedProjects) = preSolution
		{1D5A4838-E351-4FDE-B98F-BBACAC96D785} = {DDA39431-E081-482B-A7F5-769F382881FA}
		{63270E10-A324-4C90-AEE2-3EA28C643D9D} = {DDA39431-E081-482B-A7F5-769F382881FA}
		{2B816197-8F99-4265-9D89-841DAB1DFD6A} = {DDA39431-E081-482B-A7F5-769F382881FA}
		{3AFC09B6-8AB8-40D9-8972-1CDD87E32818} = {DDA39431-E081-482B-A7F5-769F382881FA}
		{53848302-A9C7-4F50-8A63-55748B8F8E3A} = {DDA39431-E081-482B-A7F5-769F382881FA}
		{87477A6F-4317-4D7C-A094-91ADED331558} = {DDA39431-E081-482B-A7F5-769F382881FA}
		{BD5157A5-858E-426A-AADB-0041B9FD6A9D} = {4573CE2F-2D66-4D14-A003-9E3706DC9D24}
		{8806E28E-49E7-419F-B081-6FF9BA18EA36} = {4573CE2F-2D66-4D14-A003-9E3706DC9D24}
		{75B370D7-A7FE-4E74-861D-8054D98890E0} = {4573CE2F-2D66-4D14-A003-9E3706DC9D24}
		{82B17476-6FC9-491F-81E3-E212A63370A5} = {4573CE2F-2D66-4D14-A003-9E3706DC9D24}
	EndGlobalSection
	GlobalSection(ExtensibilityGlobals) = postSolution
		SolutionGuid = {ADA2D69D-7A64-45AB-B8FB-0EF498600AF6}
	EndGlobalSection
EndGlobal
