
Microsoft Visual Studio Solution File, Format Version 12.00
# Visual Studio Version 16
VisualStudioVersion = 16.0.30002.166
MinimumVisualStudioVersion = 10.0.40219.1
Project("{2150E333-8FDC-42A3-9474-1A3956D46DE8}") = "SignalR", "SignalR", "{047D90EA-4604-43A1-A64B-5FFA5ADADE88}"
EndProject
Project("{9A19103F-16F7-4668-BE54-9A1E7A4F7556}") = "SyncCounter", "SyncCounter\SyncCounter.csproj", "{2462F734-F546-44C4-B937-0E8189348E5E}"
EndProject
Project("{2150E333-8FDC-42A3-9474-1A3956D46DE8}") = "Swagger", "Swagger", "{52C755B4-2B26-47A8-B3D3-6817D3FCEC6E}"
EndProject
Project("{9A19103F-16F7-4668-BE54-9A1E7A4F7556}") = "SwaggerConfiguration", "SwaggerConfiguration\SwaggerConfiguration.csproj", "{504F8B85-54E7-42EF-8044-CD0F5F632EC0}"
EndProject
Project("{9A19103F-16F7-4668-BE54-9A1E7A4F7556}") = "SwaggerControllers", "SwaggerControllers\SwaggerControllers.csproj", "{2D3240EE-22FD-4EDE-833C-1F94DF9F7BC0}"
EndProject
Project("{9A19103F-16F7-4668-BE54-9A1E7A4F7556}") = "SwaggerDemo", "SwaggerDemo\SwaggerDemo.csproj", "{EB8C32E7-BB67-40B5-85F7-E5EFB3CB3246}"
EndProject
Project("{2150E333-8FDC-42A3-9474-1A3956D46DE8}") = "Autofac", "Autofac", "{7A5A2A74-E395-4572-9C01-A7AD37286156}"
EndProject
Project("{9A19103F-16F7-4668-BE54-9A1E7A4F7556}") = "AutofacDemo", "AutofacDemo\AutofacDemo.csproj", "{C8053867-BE6E-4DB3-BDC1-FB20AEB5815B}"
EndProject
Project("{2150E333-8FDC-42A3-9474-1A3956D46DE8}") = "Microservice", "Microservice", "{5F52A3E4-B513-413F-883D-5FB081D70F39}"
EndProject
Project("{9A19103F-16F7-4668-BE54-9A1E7A4F7556}") = "MicroService01", "MicroService01\MicroService01.csproj", "{9631CC46-DD1C-4971-8F1B-72478FC71305}"
EndProject
Project("{9A19103F-16F7-4668-BE54-9A1E7A4F7556}") = "MicroServiceClient", "MicroServiceClient\MicroServiceClient.csproj", "{F11FAC77-9AF6-4F5E-9C6B-F70471E1AD65}"
EndProject
Project("{2150E333-8FDC-42A3-9474-1A3956D46DE8}") = "Core Features", "Core Features", "{66314E2B-B294-4F98-8FA3-36EFAE421225}"
EndProject
Project("{9A19103F-16F7-4668-BE54-9A1E7A4F7556}") = "LoggerDemo", "LoggerDemo\LoggerDemo.csproj", "{BEAE0CAC-AA2A-4E5D-8CFF-6D7C31D80ECF}"
EndProject
Project("{9A19103F-16F7-4668-BE54-9A1E7A4F7556}") = "FiltersDemo", "FiltersDemo\FiltersDemo.csproj", "{F1E09A23-AE3C-4C06-B059-3D4DAA44979F}"
EndProject
Project("{2150E333-8FDC-42A3-9474-1A3956D46DE8}") = "RabbitMQ", "RabbitMQ", "{8751FB68-EDC0-430C-9753-83337B09E78A}"
EndProject
Project("{9A19103F-16F7-4668-BE54-9A1E7A4F7556}") = "RabbitmqConsumer", "RabbitmqConsumer\RabbitmqConsumer.csproj", "{519E149B-9EAD-4B08-9646-68DAD98F0C29}"
EndProject
Project("{9A19103F-16F7-4668-BE54-9A1E7A4F7556}") = "RabbitmqProducer", "RabbitmqProducer\RabbitmqProducer.csproj", "{D374FD84-D260-40D4-B527-8B4BEFC4AC33}"
EndProject
Project("{9A19103F-16F7-4668-BE54-9A1E7A4F7556}") = "ModelValidationDemo", "ModelValidationDemo\ModelValidationDemo.csproj", "{AA8A825E-E899-4103-AD22-79D0AA07EEE2}"
EndProject
Project("{2150E333-8FDC-42A3-9474-1A3956D46DE8}") = "MultiThread", "MultiThread", "{53E4E13C-4080-4361-9C0A-27466D809E21}"
EndProject
Project("{9A19103F-16F7-4668-BE54-9A1E7A4F7556}") = "MultiThreadDemo", "MultiThreadDemo\MultiThreadDemo.csproj", "{1BB58BA7-A259-4BAE-8734-B02D9EC7B480}"
EndProject
Project("{2150E333-8FDC-42A3-9474-1A3956D46DE8}") = "Redis", "Redis", "{0644247B-D226-4400-A605-E8F37B7C8D55}"
EndProject
Project("{9A19103F-16F7-4668-BE54-9A1E7A4F7556}") = "RedisDemo", "RedisDemo\RedisDemo.csproj", "{CDC04072-2180-44AD-8831-31A8EA130A6A}"
EndProject
Project("{9A19103F-16F7-4668-BE54-9A1E7A4F7556}") = "MultiThreadFormDemo", "MultiThreadFormDemo\MultiThreadFormDemo.csproj", "{7E40C990-3B64-4BFD-8732-30A92D55A41F}"
EndProject
Project("{9A19103F-16F7-4668-BE54-9A1E7A4F7556}") = "GenericityDemo", "GenericityDemo\GenericityDemo.csproj", "{C237A037-ED40-494B-827A-9FF2C4A225FA}"
EndProject
Project("{9A19103F-16F7-4668-BE54-9A1E7A4F7556}") = "ExpressionDemo", "ExpressionDemo\ExpressionDemo.csproj", "{403712F5-1D3B-420D-AF46-F1F463976D93}"
EndProject
Project("{9A19103F-16F7-4668-BE54-9A1E7A4F7556}") = "ReflectionDemo", "ReflectionDemo\ReflectionDemo.csproj", "{5E2866CC-C6C4-4522-B590-1C7C1316F464}"
EndProject
Project("{9A19103F-16F7-4668-BE54-9A1E7A4F7556}") = "ReflectionDemo.DLL", "ReflectionDemo.DLL\ReflectionDemo.DLL.csproj", "{7F370A57-BFCF-4A89-9FB3-F932D7953BB3}"
EndProject
Project("{2150E333-8FDC-42A3-9474-1A3956D46DE8}") = "DesignPatterns", "DesignPatterns", "{5747C41E-1F93-4776-B546-6CF0620AD4EA}"
EndProject
Project("{9A19103F-16F7-4668-BE54-9A1E7A4F7556}") = "Construction", "Construction\Construction.csproj", "{A7A6EB13-7A6A-44B8-9F9A-B93E395C0B32}"
EndProject
Project("{2150E333-8FDC-42A3-9474-1A3956D46DE8}") = "Polly", "Polly", "{E6B52613-A17E-4D79-859A-042A076113BB}"
EndProject
Project("{9A19103F-16F7-4668-BE54-9A1E7A4F7556}") = "Polly.Client", "Polly.Client\Polly.Client.csproj", "{EAB15E98-61BC-4669-BB22-57576B887CCE}"
EndProject
Project("{9A19103F-16F7-4668-BE54-9A1E7A4F7556}") = "Polly.Server", "Polly.Server\Polly.Server.csproj", "{C96091EB-D410-4CF8-942D-E6292B36D716}"
EndProject
Project("{9A19103F-16F7-4668-BE54-9A1E7A4F7556}") = "DelegateDemo", "DelegateDemo\DelegateDemo.csproj", "{36BAE785-3CFA-4EEC-9D5E-54339B9F42DB}"
EndProject
Project("{9A19103F-16F7-4668-BE54-9A1E7A4F7556}") = "AttributeDemo", "AttributeDemo\AttributeDemo.csproj", "{38039E89-34AD-4D43-93FB-6896A18917E3}"
EndProject
Project("{9A19103F-16F7-4668-BE54-9A1E7A4F7556}") = "IOSerializeDemo", "IOSerializeDemo\IOSerializeDemo.csproj", "{44163473-CE22-47AB-8DC7-E24130D84CF4}"
EndProject
Project("{9A19103F-16F7-4668-BE54-9A1E7A4F7556}") = "StackExchangeRedisDemo", "StackExchangeRedisDemo\StackExchangeRedisDemo.csproj", "{ABC027DC-F48A-4B12-A173-C39C35071B70}"
EndProject
Project("{9A19103F-16F7-4668-BE54-9A1E7A4F7556}") = "Behavior", "Behavior\Behavior.csproj", "{32F7BC69-8BA8-4813-84BB-7BF1AB5DA6DF}"
EndProject
Project("{9A19103F-16F7-4668-BE54-9A1E7A4F7556}") = "CSRedisDemo", "CSRedisDemo\CSRedisDemo.csproj", "{8CFB92F2-9466-417F-90FA-FE82C52F0F23}"
EndProject
Project("{9A19103F-16F7-4668-BE54-9A1E7A4F7556}") = "ExecuteExternalProgramDemo", "ExecuteExternalProgramDemo\ExecuteExternalProgramDemo.csproj", "{8093958F-A46D-4E54-B001-E642D934229F}"
EndProject
Project("{2150E333-8FDC-42A3-9474-1A3956D46DE8}") = "AutoMapper", "AutoMapper", "{8AAD14A2-5C42-47A6-88D4-FD0E6BF3287B}"
EndProject
Project("{9A19103F-16F7-4668-BE54-9A1E7A4F7556}") = "AutoMapperDemo", "AutoMapperDemo\AutoMapperDemo.csproj", "{EE90F728-290F-4D22-9D0B-54573FFD62A6}"
EndProject
Project("{FAE04EC0-301F-11D3-BF4B-00C04F79EFBC}") = "IHttpClientFactoryDemo", "IHttpClientFactoryDemo\IHttpClientFactoryDemo.csproj", "{104C72B3-4F6A-443E-B9CD-354010073DAD}"
EndProject
Project("{FAE04EC0-301F-11D3-BF4B-00C04F79EFBC}") = "IHttpClientFactoryDemo.Client1", "IHttpClientFactoryDemo.Client1\IHttpClientFactoryDemo.Client1.csproj", "{E662F3CB-034A-46C9-B5B5-681CED1E9B2A}"
EndProject
Global
	GlobalSection(SolutionConfigurationPlatforms) = preSolution
		Debug|Any CPU = Debug|Any CPU
		Release|Any CPU = Release|Any CPU
	EndGlobalSection
	GlobalSection(ProjectConfigurationPlatforms) = postSolution
		{2462F734-F546-44C4-B937-0E8189348E5E}.Debug|Any CPU.ActiveCfg = Debug|Any CPU
		{2462F734-F546-44C4-B937-0E8189348E5E}.Debug|Any CPU.Build.0 = Debug|Any CPU
		{2462F734-F546-44C4-B937-0E8189348E5E}.Release|Any CPU.ActiveCfg = Release|Any CPU
		{2462F734-F546-44C4-B937-0E8189348E5E}.Release|Any CPU.Build.0 = Release|Any CPU
		{504F8B85-54E7-42EF-8044-CD0F5F632EC0}.Debug|Any CPU.ActiveCfg = Debug|Any CPU
		{504F8B85-54E7-42EF-8044-CD0F5F632EC0}.Debug|Any CPU.Build.0 = Debug|Any CPU
		{504F8B85-54E7-42EF-8044-CD0F5F632EC0}.Release|Any CPU.ActiveCfg = Release|Any CPU
		{504F8B85-54E7-42EF-8044-CD0F5F632EC0}.Release|Any CPU.Build.0 = Release|Any CPU
		{2D3240EE-22FD-4EDE-833C-1F94DF9F7BC0}.Debug|Any CPU.ActiveCfg = Debug|Any CPU
		{2D3240EE-22FD-4EDE-833C-1F94DF9F7BC0}.Debug|Any CPU.Build.0 = Debug|Any CPU
		{2D3240EE-22FD-4EDE-833C-1F94DF9F7BC0}.Release|Any CPU.ActiveCfg = Release|Any CPU
		{2D3240EE-22FD-4EDE-833C-1F94DF9F7BC0}.Release|Any CPU.Build.0 = Release|Any CPU
		{EB8C32E7-BB67-40B5-85F7-E5EFB3CB3246}.Debug|Any CPU.ActiveCfg = Debug|Any CPU
		{EB8C32E7-BB67-40B5-85F7-E5EFB3CB3246}.Debug|Any CPU.Build.0 = Debug|Any CPU
		{EB8C32E7-BB67-40B5-85F7-E5EFB3CB3246}.Release|Any CPU.ActiveCfg = Release|Any CPU
		{EB8C32E7-BB67-40B5-85F7-E5EFB3CB3246}.Release|Any CPU.Build.0 = Release|Any CPU
		{C8053867-BE6E-4DB3-BDC1-FB20AEB5815B}.Debug|Any CPU.ActiveCfg = Debug|Any CPU
		{C8053867-BE6E-4DB3-BDC1-FB20AEB5815B}.Debug|Any CPU.Build.0 = Debug|Any CPU
		{C8053867-BE6E-4DB3-BDC1-FB20AEB5815B}.Release|Any CPU.ActiveCfg = Release|Any CPU
		{C8053867-BE6E-4DB3-BDC1-FB20AEB5815B}.Release|Any CPU.Build.0 = Release|Any CPU
		{9631CC46-DD1C-4971-8F1B-72478FC71305}.Debug|Any CPU.ActiveCfg = Debug|Any CPU
		{9631CC46-DD1C-4971-8F1B-72478FC71305}.Debug|Any CPU.Build.0 = Debug|Any CPU
		{9631CC46-DD1C-4971-8F1B-72478FC71305}.Release|Any CPU.ActiveCfg = Release|Any CPU
		{9631CC46-DD1C-4971-8F1B-72478FC71305}.Release|Any CPU.Build.0 = Release|Any CPU
		{F11FAC77-9AF6-4F5E-9C6B-F70471E1AD65}.Debug|Any CPU.ActiveCfg = Debug|Any CPU
		{F11FAC77-9AF6-4F5E-9C6B-F70471E1AD65}.Debug|Any CPU.Build.0 = Debug|Any CPU
		{F11FAC77-9AF6-4F5E-9C6B-F70471E1AD65}.Release|Any CPU.ActiveCfg = Release|Any CPU
		{F11FAC77-9AF6-4F5E-9C6B-F70471E1AD65}.Release|Any CPU.Build.0 = Release|Any CPU
		{BEAE0CAC-AA2A-4E5D-8CFF-6D7C31D80ECF}.Debug|Any CPU.ActiveCfg = Debug|Any CPU
		{BEAE0CAC-AA2A-4E5D-8CFF-6D7C31D80ECF}.Debug|Any CPU.Build.0 = Debug|Any CPU
		{BEAE0CAC-AA2A-4E5D-8CFF-6D7C31D80ECF}.Release|Any CPU.ActiveCfg = Release|Any CPU
		{BEAE0CAC-AA2A-4E5D-8CFF-6D7C31D80ECF}.Release|Any CPU.Build.0 = Release|Any CPU
		{F1E09A23-AE3C-4C06-B059-3D4DAA44979F}.Debug|Any CPU.ActiveCfg = Debug|Any CPU
		{F1E09A23-AE3C-4C06-B059-3D4DAA44979F}.Debug|Any CPU.Build.0 = Debug|Any CPU
		{F1E09A23-AE3C-4C06-B059-3D4DAA44979F}.Release|Any CPU.ActiveCfg = Release|Any CPU
		{F1E09A23-AE3C-4C06-B059-3D4DAA44979F}.Release|Any CPU.Build.0 = Release|Any CPU
		{519E149B-9EAD-4B08-9646-68DAD98F0C29}.Debug|Any CPU.ActiveCfg = Debug|Any CPU
		{519E149B-9EAD-4B08-9646-68DAD98F0C29}.Debug|Any CPU.Build.0 = Debug|Any CPU
		{519E149B-9EAD-4B08-9646-68DAD98F0C29}.Release|Any CPU.ActiveCfg = Release|Any CPU
		{519E149B-9EAD-4B08-9646-68DAD98F0C29}.Release|Any CPU.Build.0 = Release|Any CPU
		{D374FD84-D260-40D4-B527-8B4BEFC4AC33}.Debug|Any CPU.ActiveCfg = Debug|Any CPU
		{D374FD84-D260-40D4-B527-8B4BEFC4AC33}.Debug|Any CPU.Build.0 = Debug|Any CPU
		{D374FD84-D260-40D4-B527-8B4BEFC4AC33}.Release|Any CPU.ActiveCfg = Release|Any CPU
		{D374FD84-D260-40D4-B527-8B4BEFC4AC33}.Release|Any CPU.Build.0 = Release|Any CPU
		{AA8A825E-E899-4103-AD22-79D0AA07EEE2}.Debug|Any CPU.ActiveCfg = Debug|Any CPU
		{AA8A825E-E899-4103-AD22-79D0AA07EEE2}.Debug|Any CPU.Build.0 = Debug|Any CPU
		{AA8A825E-E899-4103-AD22-79D0AA07EEE2}.Release|Any CPU.ActiveCfg = Release|Any CPU
		{AA8A825E-E899-4103-AD22-79D0AA07EEE2}.Release|Any CPU.Build.0 = Release|Any CPU
		{1BB58BA7-A259-4BAE-8734-B02D9EC7B480}.Debug|Any CPU.ActiveCfg = Debug|Any CPU
		{1BB58BA7-A259-4BAE-8734-B02D9EC7B480}.Debug|Any CPU.Build.0 = Debug|Any CPU
		{1BB58BA7-A259-4BAE-8734-B02D9EC7B480}.Release|Any CPU.ActiveCfg = Release|Any CPU
		{1BB58BA7-A259-4BAE-8734-B02D9EC7B480}.Release|Any CPU.Build.0 = Release|Any CPU
		{CDC04072-2180-44AD-8831-31A8EA130A6A}.Debug|Any CPU.ActiveCfg = Debug|Any CPU
		{CDC04072-2180-44AD-8831-31A8EA130A6A}.Debug|Any CPU.Build.0 = Debug|Any CPU
		{CDC04072-2180-44AD-8831-31A8EA130A6A}.Release|Any CPU.ActiveCfg = Release|Any CPU
		{CDC04072-2180-44AD-8831-31A8EA130A6A}.Release|Any CPU.Build.0 = Release|Any CPU
		{7E40C990-3B64-4BFD-8732-30A92D55A41F}.Debug|Any CPU.ActiveCfg = Debug|Any CPU
		{7E40C990-3B64-4BFD-8732-30A92D55A41F}.Debug|Any CPU.Build.0 = Debug|Any CPU
		{7E40C990-3B64-4BFD-8732-30A92D55A41F}.Release|Any CPU.ActiveCfg = Release|Any CPU
		{7E40C990-3B64-4BFD-8732-30A92D55A41F}.Release|Any CPU.Build.0 = Release|Any CPU
		{C237A037-ED40-494B-827A-9FF2C4A225FA}.Debug|Any CPU.ActiveCfg = Debug|Any CPU
		{C237A037-ED40-494B-827A-9FF2C4A225FA}.Debug|Any CPU.Build.0 = Debug|Any CPU
		{C237A037-ED40-494B-827A-9FF2C4A225FA}.Release|Any CPU.ActiveCfg = Release|Any CPU
		{C237A037-ED40-494B-827A-9FF2C4A225FA}.Release|Any CPU.Build.0 = Release|Any CPU
		{403712F5-1D3B-420D-AF46-F1F463976D93}.Debug|Any CPU.ActiveCfg = Debug|Any CPU
		{403712F5-1D3B-420D-AF46-F1F463976D93}.Debug|Any CPU.Build.0 = Debug|Any CPU
		{403712F5-1D3B-420D-AF46-F1F463976D93}.Release|Any CPU.ActiveCfg = Release|Any CPU
		{403712F5-1D3B-420D-AF46-F1F463976D93}.Release|Any CPU.Build.0 = Release|Any CPU
		{5E2866CC-C6C4-4522-B590-1C7C1316F464}.Debug|Any CPU.ActiveCfg = Debug|Any CPU
		{5E2866CC-C6C4-4522-B590-1C7C1316F464}.Debug|Any CPU.Build.0 = Debug|Any CPU
		{5E2866CC-C6C4-4522-B590-1C7C1316F464}.Release|Any CPU.ActiveCfg = Release|Any CPU
		{5E2866CC-C6C4-4522-B590-1C7C1316F464}.Release|Any CPU.Build.0 = Release|Any CPU
		{7F370A57-BFCF-4A89-9FB3-F932D7953BB3}.Debug|Any CPU.ActiveCfg = Debug|Any CPU
		{7F370A57-BFCF-4A89-9FB3-F932D7953BB3}.Debug|Any CPU.Build.0 = Debug|Any CPU
		{7F370A57-BFCF-4A89-9FB3-F932D7953BB3}.Release|Any CPU.ActiveCfg = Release|Any CPU
		{7F370A57-BFCF-4A89-9FB3-F932D7953BB3}.Release|Any CPU.Build.0 = Release|Any CPU
		{A7A6EB13-7A6A-44B8-9F9A-B93E395C0B32}.Debug|Any CPU.ActiveCfg = Debug|Any CPU
		{A7A6EB13-7A6A-44B8-9F9A-B93E395C0B32}.Debug|Any CPU.Build.0 = Debug|Any CPU
		{A7A6EB13-7A6A-44B8-9F9A-B93E395C0B32}.Release|Any CPU.ActiveCfg = Release|Any CPU
		{A7A6EB13-7A6A-44B8-9F9A-B93E395C0B32}.Release|Any CPU.Build.0 = Release|Any CPU
		{EAB15E98-61BC-4669-BB22-57576B887CCE}.Debug|Any CPU.ActiveCfg = Debug|Any CPU
		{EAB15E98-61BC-4669-BB22-57576B887CCE}.Debug|Any CPU.Build.0 = Debug|Any CPU
		{EAB15E98-61BC-4669-BB22-57576B887CCE}.Release|Any CPU.ActiveCfg = Release|Any CPU
		{EAB15E98-61BC-4669-BB22-57576B887CCE}.Release|Any CPU.Build.0 = Release|Any CPU
		{C96091EB-D410-4CF8-942D-E6292B36D716}.Debug|Any CPU.ActiveCfg = Debug|Any CPU
		{C96091EB-D410-4CF8-942D-E6292B36D716}.Debug|Any CPU.Build.0 = Debug|Any CPU
		{C96091EB-D410-4CF8-942D-E6292B36D716}.Release|Any CPU.ActiveCfg = Release|Any CPU
		{C96091EB-D410-4CF8-942D-E6292B36D716}.Release|Any CPU.Build.0 = Release|Any CPU
		{36BAE785-3CFA-4EEC-9D5E-54339B9F42DB}.Debug|Any CPU.ActiveCfg = Debug|Any CPU
		{36BAE785-3CFA-4EEC-9D5E-54339B9F42DB}.Debug|Any CPU.Build.0 = Debug|Any CPU
		{36BAE785-3CFA-4EEC-9D5E-54339B9F42DB}.Release|Any CPU.ActiveCfg = Release|Any CPU
		{36BAE785-3CFA-4EEC-9D5E-54339B9F42DB}.Release|Any CPU.Build.0 = Release|Any CPU
		{38039E89-34AD-4D43-93FB-6896A18917E3}.Debug|Any CPU.ActiveCfg = Debug|Any CPU
		{38039E89-34AD-4D43-93FB-6896A18917E3}.Debug|Any CPU.Build.0 = Debug|Any CPU
		{38039E89-34AD-4D43-93FB-6896A18917E3}.Release|Any CPU.ActiveCfg = Release|Any CPU
		{38039E89-34AD-4D43-93FB-6896A18917E3}.Release|Any CPU.Build.0 = Release|Any CPU
		{44163473-CE22-47AB-8DC7-E24130D84CF4}.Debug|Any CPU.ActiveCfg = Debug|Any CPU
		{44163473-CE22-47AB-8DC7-E24130D84CF4}.Debug|Any CPU.Build.0 = Debug|Any CPU
		{44163473-CE22-47AB-8DC7-E24130D84CF4}.Release|Any CPU.ActiveCfg = Release|Any CPU
		{44163473-CE22-47AB-8DC7-E24130D84CF4}.Release|Any CPU.Build.0 = Release|Any CPU
		{ABC027DC-F48A-4B12-A173-C39C35071B70}.Debug|Any CPU.ActiveCfg = Debug|Any CPU
		{ABC027DC-F48A-4B12-A173-C39C35071B70}.Debug|Any CPU.Build.0 = Debug|Any CPU
		{ABC027DC-F48A-4B12-A173-C39C35071B70}.Release|Any CPU.ActiveCfg = Release|Any CPU
		{ABC027DC-F48A-4B12-A173-C39C35071B70}.Release|Any CPU.Build.0 = Release|Any CPU
		{32F7BC69-8BA8-4813-84BB-7BF1AB5DA6DF}.Debug|Any CPU.ActiveCfg = Debug|Any CPU
		{32F7BC69-8BA8-4813-84BB-7BF1AB5DA6DF}.Debug|Any CPU.Build.0 = Debug|Any CPU
		{32F7BC69-8BA8-4813-84BB-7BF1AB5DA6DF}.Release|Any CPU.ActiveCfg = Release|Any CPU
		{32F7BC69-8BA8-4813-84BB-7BF1AB5DA6DF}.Release|Any CPU.Build.0 = Release|Any CPU
		{8CFB92F2-9466-417F-90FA-FE82C52F0F23}.Debug|Any CPU.ActiveCfg = Debug|Any CPU
		{8CFB92F2-9466-417F-90FA-FE82C52F0F23}.Debug|Any CPU.Build.0 = Debug|Any CPU
		{8CFB92F2-9466-417F-90FA-FE82C52F0F23}.Release|Any CPU.ActiveCfg = Release|Any CPU
		{8CFB92F2-9466-417F-90FA-FE82C52F0F23}.Release|Any CPU.Build.0 = Release|Any CPU
		{8093958F-A46D-4E54-B001-E642D934229F}.Debug|Any CPU.ActiveCfg = Debug|Any CPU
		{8093958F-A46D-4E54-B001-E642D934229F}.Debug|Any CPU.Build.0 = Debug|Any CPU
		{8093958F-A46D-4E54-B001-E642D934229F}.Release|Any CPU.ActiveCfg = Release|Any CPU
		{8093958F-A46D-4E54-B001-E642D934229F}.Release|Any CPU.Build.0 = Release|Any CPU
		{EE90F728-290F-4D22-9D0B-54573FFD62A6}.Debug|Any CPU.ActiveCfg = Debug|Any CPU
		{EE90F728-290F-4D22-9D0B-54573FFD62A6}.Debug|Any CPU.Build.0 = Debug|Any CPU
		{EE90F728-290F-4D22-9D0B-54573FFD62A6}.Release|Any CPU.ActiveCfg = Release|Any CPU
		{EE90F728-290F-4D22-9D0B-54573FFD62A6}.Release|Any CPU.Build.0 = Release|Any CPU
		{104C72B3-4F6A-443E-B9CD-354010073DAD}.Debug|Any CPU.ActiveCfg = Debug|Any CPU
		{104C72B3-4F6A-443E-B9CD-354010073DAD}.Debug|Any CPU.Build.0 = Debug|Any CPU
		{104C72B3-4F6A-443E-B9CD-354010073DAD}.Release|Any CPU.ActiveCfg = Release|Any CPU
		{104C72B3-4F6A-443E-B9CD-354010073DAD}.Release|Any CPU.Build.0 = Release|Any CPU
		{E662F3CB-034A-46C9-B5B5-681CED1E9B2A}.Debug|Any CPU.ActiveCfg = Debug|Any CPU
		{E662F3CB-034A-46C9-B5B5-681CED1E9B2A}.Debug|Any CPU.Build.0 = Debug|Any CPU
		{E662F3CB-034A-46C9-B5B5-681CED1E9B2A}.Release|Any CPU.ActiveCfg = Release|Any CPU
		{E662F3CB-034A-46C9-B5B5-681CED1E9B2A}.Release|Any CPU.Build.0 = Release|Any CPU
	EndGlobalSection
	GlobalSection(SolutionProperties) = preSolution
		HideSolutionNode = FALSE
	EndGlobalSection
	GlobalSection(NestedProjects) = preSolution
		{2462F734-F546-44C4-B937-0E8189348E5E} = {047D90EA-4604-43A1-A64B-5FFA5ADADE88}
		{504F8B85-54E7-42EF-8044-CD0F5F632EC0} = {52C755B4-2B26-47A8-B3D3-6817D3FCEC6E}
		{2D3240EE-22FD-4EDE-833C-1F94DF9F7BC0} = {52C755B4-2B26-47A8-B3D3-6817D3FCEC6E}
		{EB8C32E7-BB67-40B5-85F7-E5EFB3CB3246} = {52C755B4-2B26-47A8-B3D3-6817D3FCEC6E}
		{C8053867-BE6E-4DB3-BDC1-FB20AEB5815B} = {7A5A2A74-E395-4572-9C01-A7AD37286156}
		{9631CC46-DD1C-4971-8F1B-72478FC71305} = {5F52A3E4-B513-413F-883D-5FB081D70F39}
		{F11FAC77-9AF6-4F5E-9C6B-F70471E1AD65} = {5F52A3E4-B513-413F-883D-5FB081D70F39}
		{BEAE0CAC-AA2A-4E5D-8CFF-6D7C31D80ECF} = {66314E2B-B294-4F98-8FA3-36EFAE421225}
		{F1E09A23-AE3C-4C06-B059-3D4DAA44979F} = {66314E2B-B294-4F98-8FA3-36EFAE421225}
		{519E149B-9EAD-4B08-9646-68DAD98F0C29} = {8751FB68-EDC0-430C-9753-83337B09E78A}
		{D374FD84-D260-40D4-B527-8B4BEFC4AC33} = {8751FB68-EDC0-430C-9753-83337B09E78A}
		{AA8A825E-E899-4103-AD22-79D0AA07EEE2} = {66314E2B-B294-4F98-8FA3-36EFAE421225}
		{1BB58BA7-A259-4BAE-8734-B02D9EC7B480} = {53E4E13C-4080-4361-9C0A-27466D809E21}
		{CDC04072-2180-44AD-8831-31A8EA130A6A} = {0644247B-D226-4400-A605-E8F37B7C8D55}
		{7E40C990-3B64-4BFD-8732-30A92D55A41F} = {53E4E13C-4080-4361-9C0A-27466D809E21}
		{C237A037-ED40-494B-827A-9FF2C4A225FA} = {66314E2B-B294-4F98-8FA3-36EFAE421225}
		{403712F5-1D3B-420D-AF46-F1F463976D93} = {66314E2B-B294-4F98-8FA3-36EFAE421225}
		{5E2866CC-C6C4-4522-B590-1C7C1316F464} = {66314E2B-B294-4F98-8FA3-36EFAE421225}
		{7F370A57-BFCF-4A89-9FB3-F932D7953BB3} = {66314E2B-B294-4F98-8FA3-36EFAE421225}
		{A7A6EB13-7A6A-44B8-9F9A-B93E395C0B32} = {5747C41E-1F93-4776-B546-6CF0620AD4EA}
		{EAB15E98-61BC-4669-BB22-57576B887CCE} = {E6B52613-A17E-4D79-859A-042A076113BB}
		{C96091EB-D410-4CF8-942D-E6292B36D716} = {E6B52613-A17E-4D79-859A-042A076113BB}
		{36BAE785-3CFA-4EEC-9D5E-54339B9F42DB} = {66314E2B-B294-4F98-8FA3-36EFAE421225}
		{38039E89-34AD-4D43-93FB-6896A18917E3} = {66314E2B-B294-4F98-8FA3-36EFAE421225}
		{44163473-CE22-47AB-8DC7-E24130D84CF4} = {66314E2B-B294-4F98-8FA3-36EFAE421225}
		{ABC027DC-F48A-4B12-A173-C39C35071B70} = {0644247B-D226-4400-A605-E8F37B7C8D55}
		{32F7BC69-8BA8-4813-84BB-7BF1AB5DA6DF} = {5747C41E-1F93-4776-B546-6CF0620AD4EA}
		{8CFB92F2-9466-417F-90FA-FE82C52F0F23} = {0644247B-D226-4400-A605-E8F37B7C8D55}
		{8093958F-A46D-4E54-B001-E642D934229F} = {66314E2B-B294-4F98-8FA3-36EFAE421225}
		{EE90F728-290F-4D22-9D0B-54573FFD62A6} = {8AAD14A2-5C42-47A6-88D4-FD0E6BF3287B}
		{104C72B3-4F6A-443E-B9CD-354010073DAD} = {66314E2B-B294-4F98-8FA3-36EFAE421225}
		{E662F3CB-034A-46C9-B5B5-681CED1E9B2A} = {66314E2B-B294-4F98-8FA3-36EFAE421225}
	EndGlobalSection
	GlobalSection(ExtensibilityGlobals) = postSolution
		SolutionGuid = {9AE9B06B-90CA-4B68-939A-30E8DC70B239}
	EndGlobalSection
EndGlobal
